// !$*UTF8*$!
{
	archiveVersion = 1;
	classes = {
	};
	objectVersion = 55;
	objects = {

/* Begin PBXBuildFile section */
		DC02256F2730083100651733 /* PadView.swift in Sources */ = {isa = PBXBuildFile; fileRef = DC02256E2730083100651733 /* PadView.swift */; };
		DC0225712730085800651733 /* GridStack.swift in Sources */ = {isa = PBXBuildFile; fileRef = DC0225702730085800651733 /* GridStack.swift */; };
		DC0225752730099800651733 /* GameView.swift in Sources */ = {isa = PBXBuildFile; fileRef = DC0225742730099800651733 /* GameView.swift */; };
		DC02257727300A2A00651733 /* DisplayView.swift in Sources */ = {isa = PBXBuildFile; fileRef = DC02257627300A2A00651733 /* DisplayView.swift */; };
		DC02257B2730124300651733 /* LaunchScreen.storyboard in Resources */ = {isa = PBXBuildFile; fileRef = DC02257A2730124300651733 /* LaunchScreen.storyboard */; };
		DCA3C52727314A2800D7BF39 /* StatisticView.swift in Sources */ = {isa = PBXBuildFile; fileRef = DCA3C52627314A2800D7BF39 /* StatisticView.swift */; };
		DCA3C52927315A4100D7BF39 /* SettingsView.swift in Sources */ = {isa = PBXBuildFile; fileRef = DCA3C52827315A4100D7BF39 /* SettingsView.swift */; };
		DCA3C52D27315D1500D7BF39 /* PieChartRows.swift in Sources */ = {isa = PBXBuildFile; fileRef = DCA3C52C27315D1500D7BF39 /* PieChartRows.swift */; };
		DCA3C52F27315D7400D7BF39 /* PieChartView.swift in Sources */ = {isa = PBXBuildFile; fileRef = DCA3C52E27315D7400D7BF39 /* PieChartView.swift */; };
		DCA3C53127315DEC00D7BF39 /* PieSliceView.swift.swift in Sources */ = {isa = PBXBuildFile; fileRef = DCA3C53027315DEC00D7BF39 /* PieSliceView.swift.swift */; };
		DCA3C53427315E8A00D7BF39 /* PieSliceData.swift in Sources */ = {isa = PBXBuildFile; fileRef = DCA3C53327315E8A00D7BF39 /* PieSliceData.swift */; };
		DCA3C53727317A2600D7BF39 /* ShuffleView.swift in Sources */ = {isa = PBXBuildFile; fileRef = DCA3C53627317A2600D7BF39 /* ShuffleView.swift */; };
		DCA3C53927317A7A00D7BF39 /* Settings.swift in Sources */ = {isa = PBXBuildFile; fileRef = DCA3C53827317A7A00D7BF39 /* Settings.swift */; };
		DCC597F227218EA8000DE0AE /* CyrilicaApp.swift in Sources */ = {isa = PBXBuildFile; fileRef = DCC597F127218EA8000DE0AE /* CyrilicaApp.swift */; };
		DCC597F427218EA8000DE0AE /* ContentView.swift in Sources */ = {isa = PBXBuildFile; fileRef = DCC597F327218EA8000DE0AE /* ContentView.swift */; };
		DCC597F627218EA9000DE0AE /* Assets.xcassets in Resources */ = {isa = PBXBuildFile; fileRef = DCC597F527218EA9000DE0AE /* Assets.xcassets */; };
		DCC597F927218EA9000DE0AE /* Preview Assets.xcassets in Resources */ = {isa = PBXBuildFile; fileRef = DCC597F827218EA9000DE0AE /* Preview Assets.xcassets */; };
		DCC5980327218EA9000DE0AE /* CyrilicaTests.swift in Sources */ = {isa = PBXBuildFile; fileRef = DCC5980227218EA9000DE0AE /* CyrilicaTests.swift */; };
		DCC5980D27218EA9000DE0AE /* CyrilicaUITests.swift in Sources */ = {isa = PBXBuildFile; fileRef = DCC5980C27218EA9000DE0AE /* CyrilicaUITests.swift */; };
		DCC5980F27218EA9000DE0AE /* CyrilicaUITestsLaunchTests.swift in Sources */ = {isa = PBXBuildFile; fileRef = DCC5980E27218EA9000DE0AE /* CyrilicaUITestsLaunchTests.swift */; };
/* End PBXBuildFile section */

/* Begin PBXContainerItemProxy section */
		DCC597FF27218EA9000DE0AE /* PBXContainerItemProxy */ = {
			isa = PBXContainerItemProxy;
			containerPortal = DCC597E627218EA7000DE0AE /* Project object */;
			proxyType = 1;
			remoteGlobalIDString = DCC597ED27218EA7000DE0AE;
			remoteInfo = Cyrilica;
		};
		DCC5980927218EA9000DE0AE /* PBXContainerItemProxy */ = {
			isa = PBXContainerItemProxy;
			containerPortal = DCC597E627218EA7000DE0AE /* Project object */;
			proxyType = 1;
			remoteGlobalIDString = DCC597ED27218EA7000DE0AE;
			remoteInfo = Cyrilica;
		};
/* End PBXContainerItemProxy section */

/* Begin PBXCopyFilesBuildPhase section */
		DC02258B273022E000651733 /* Embed App Extensions */ = {
			isa = PBXCopyFilesBuildPhase;
			buildActionMask = 2147483647;
			dstPath = "";
			dstSubfolderSpec = 13;
			files = (
			);
			name = "Embed App Extensions";
			runOnlyForDeploymentPostprocessing = 0;
		};
/* End PBXCopyFilesBuildPhase section */

/* Begin PBXFileReference section */
		DC02256E2730083100651733 /* PadView.swift */ = {isa = PBXFileReference; lastKnownFileType = sourcecode.swift; path = PadView.swift; sourceTree = "<group>"; };
		DC0225702730085800651733 /* GridStack.swift */ = {isa = PBXFileReference; lastKnownFileType = sourcecode.swift; path = GridStack.swift; sourceTree = "<group>"; };
		DC0225742730099800651733 /* GameView.swift */ = {isa = PBXFileReference; lastKnownFileType = sourcecode.swift; path = GameView.swift; sourceTree = "<group>"; };
		DC02257627300A2A00651733 /* DisplayView.swift */ = {isa = PBXFileReference; lastKnownFileType = sourcecode.swift; path = DisplayView.swift; sourceTree = "<group>"; };
		DC02257A2730124300651733 /* LaunchScreen.storyboard */ = {isa = PBXFileReference; lastKnownFileType = file.storyboard; path = LaunchScreen.storyboard; sourceTree = "<group>"; };
		DCA3C52627314A2800D7BF39 /* StatisticView.swift */ = {isa = PBXFileReference; lastKnownFileType = sourcecode.swift; path = StatisticView.swift; sourceTree = "<group>"; };
		DCA3C52827315A4100D7BF39 /* SettingsView.swift */ = {isa = PBXFileReference; lastKnownFileType = sourcecode.swift; path = SettingsView.swift; sourceTree = "<group>"; };
		DCA3C52A27315B4E00D7BF39 /* Info.plist */ = {isa = PBXFileReference; lastKnownFileType = text.plist; path = Info.plist; sourceTree = "<group>"; };
		DCA3C52C27315D1500D7BF39 /* PieChartRows.swift */ = {isa = PBXFileReference; lastKnownFileType = sourcecode.swift; path = PieChartRows.swift; sourceTree = "<group>"; };
		DCA3C52E27315D7400D7BF39 /* PieChartView.swift */ = {isa = PBXFileReference; lastKnownFileType = sourcecode.swift; path = PieChartView.swift; sourceTree = "<group>"; };
		DCA3C53027315DEC00D7BF39 /* PieSliceView.swift.swift */ = {isa = PBXFileReference; lastKnownFileType = sourcecode.swift; path = PieSliceView.swift.swift; sourceTree = "<group>"; };
		DCA3C53327315E8A00D7BF39 /* PieSliceData.swift */ = {isa = PBXFileReference; lastKnownFileType = sourcecode.swift; path = PieSliceData.swift; sourceTree = "<group>"; };
		DCA3C53627317A2600D7BF39 /* ShuffleView.swift */ = {isa = PBXFileReference; lastKnownFileType = sourcecode.swift; path = ShuffleView.swift; sourceTree = "<group>"; };
		DCA3C53827317A7A00D7BF39 /* Settings.swift */ = {isa = PBXFileReference; lastKnownFileType = sourcecode.swift; path = Settings.swift; sourceTree = "<group>"; };
		DCC597EE27218EA8000DE0AE /* Cyrilica.app */ = {isa = PBXFileReference; explicitFileType = wrapper.application; includeInIndex = 0; path = Cyrilica.app; sourceTree = BUILT_PRODUCTS_DIR; };
		DCC597F127218EA8000DE0AE /* CyrilicaApp.swift */ = {isa = PBXFileReference; lastKnownFileType = sourcecode.swift; path = CyrilicaApp.swift; sourceTree = "<group>"; };
		DCC597F327218EA8000DE0AE /* ContentView.swift */ = {isa = PBXFileReference; lastKnownFileType = sourcecode.swift; path = ContentView.swift; sourceTree = "<group>"; };
		DCC597F527218EA9000DE0AE /* Assets.xcassets */ = {isa = PBXFileReference; lastKnownFileType = folder.assetcatalog; path = Assets.xcassets; sourceTree = "<group>"; };
		DCC597F827218EA9000DE0AE /* Preview Assets.xcassets */ = {isa = PBXFileReference; lastKnownFileType = folder.assetcatalog; path = "Preview Assets.xcassets"; sourceTree = "<group>"; };
		DCC597FE27218EA9000DE0AE /* CyrilicaTests.xctest */ = {isa = PBXFileReference; explicitFileType = wrapper.cfbundle; includeInIndex = 0; path = CyrilicaTests.xctest; sourceTree = BUILT_PRODUCTS_DIR; };
		DCC5980227218EA9000DE0AE /* CyrilicaTests.swift */ = {isa = PBXFileReference; lastKnownFileType = sourcecode.swift; path = CyrilicaTests.swift; sourceTree = "<group>"; };
		DCC5980827218EA9000DE0AE /* CyrilicaUITests.xctest */ = {isa = PBXFileReference; explicitFileType = wrapper.cfbundle; includeInIndex = 0; path = CyrilicaUITests.xctest; sourceTree = BUILT_PRODUCTS_DIR; };
		DCC5980C27218EA9000DE0AE /* CyrilicaUITests.swift */ = {isa = PBXFileReference; lastKnownFileType = sourcecode.swift; path = CyrilicaUITests.swift; sourceTree = "<group>"; };
		DCC5980E27218EA9000DE0AE /* CyrilicaUITestsLaunchTests.swift */ = {isa = PBXFileReference; lastKnownFileType = sourcecode.swift; path = CyrilicaUITestsLaunchTests.swift; sourceTree = "<group>"; };
/* End PBXFileReference section */

/* Begin PBXFrameworksBuildPhase section */
		DCC597EB27218EA7000DE0AE /* Frameworks */ = {
			isa = PBXFrameworksBuildPhase;
			buildActionMask = 2147483647;
			files = (
			);
			runOnlyForDeploymentPostprocessing = 0;
		};
		DCC597FB27218EA9000DE0AE /* Frameworks */ = {
			isa = PBXFrameworksBuildPhase;
			buildActionMask = 2147483647;
			files = (
			);
			runOnlyForDeploymentPostprocessing = 0;
		};
		DCC5980527218EA9000DE0AE /* Frameworks */ = {
			isa = PBXFrameworksBuildPhase;
			buildActionMask = 2147483647;
			files = (
			);
			runOnlyForDeploymentPostprocessing = 0;
		};
/* End PBXFrameworksBuildPhase section */

/* Begin PBXGroup section */
		DC02256D273007EF00651733 /* Views */ = {
			isa = PBXGroup;
			children = (
				DCA3C53527317A1200D7BF39 /* Settings */,
				DCA3C52B27315CED00D7BF39 /* Satistics */,
				DCA3C525273146E800D7BF39 /* Game */,
				DCC597F327218EA8000DE0AE /* ContentView.swift */,
				DC0225742730099800651733 /* GameView.swift */,
				DCA3C52627314A2800D7BF39 /* StatisticView.swift */,
				DCA3C52827315A4100D7BF39 /* SettingsView.swift */,
			);
			path = Views;
			sourceTree = "<group>";
		};
		DCA3C525273146E800D7BF39 /* Game */ = {
			isa = PBXGroup;
			children = (
				DC0225702730085800651733 /* GridStack.swift */,
				DC02256E2730083100651733 /* PadView.swift */,
				DC02257627300A2A00651733 /* DisplayView.swift */,
			);
			path = Game;
			sourceTree = "<group>";
		};
		DCA3C52B27315CED00D7BF39 /* Satistics */ = {
			isa = PBXGroup;
			children = (
				DCA3C52C27315D1500D7BF39 /* PieChartRows.swift */,
				DCA3C52E27315D7400D7BF39 /* PieChartView.swift */,
				DCA3C53027315DEC00D7BF39 /* PieSliceView.swift.swift */,
			);
			path = Satistics;
			sourceTree = "<group>";
		};
		DCA3C53227315E7800D7BF39 /* Models */ = {
			isa = PBXGroup;
			children = (
				DCA3C53327315E8A00D7BF39 /* PieSliceData.swift */,
				DCA3C53827317A7A00D7BF39 /* Settings.swift */,
			);
			path = Models;
			sourceTree = "<group>";
		};
		DCA3C53527317A1200D7BF39 /* Settings */ = {
			isa = PBXGroup;
			children = (
				DCA3C53627317A2600D7BF39 /* ShuffleView.swift */,
			);
			path = Settings;
			sourceTree = "<group>";
		};
		DCC597E527218EA7000DE0AE = {
			isa = PBXGroup;
			children = (
				DCC597F027218EA8000DE0AE /* Cyrilica */,
				DCC5980127218EA9000DE0AE /* CyrilicaTests */,
				DCC5980B27218EA9000DE0AE /* CyrilicaUITests */,
				DCC597EF27218EA8000DE0AE /* Products */,
			);
			indentWidth = 2;
			sourceTree = "<group>";
			tabWidth = 2;
			usesTabs = 0;
		};
		DCC597EF27218EA8000DE0AE /* Products */ = {
			isa = PBXGroup;
			children = (
				DCC597EE27218EA8000DE0AE /* Cyrilica.app */,
				DCC597FE27218EA9000DE0AE /* CyrilicaTests.xctest */,
				DCC5980827218EA9000DE0AE /* CyrilicaUITests.xctest */,
			);
			name = Products;
			sourceTree = "<group>";
		};
		DCC597F027218EA8000DE0AE /* Cyrilica */ = {
			isa = PBXGroup;
			children = (
				DCA3C53227315E7800D7BF39 /* Models */,
				DCA3C52A27315B4E00D7BF39 /* Info.plist */,
				DC02257A2730124300651733 /* LaunchScreen.storyboard */,
				DC02256D273007EF00651733 /* Views */,
				DCC597F127218EA8000DE0AE /* CyrilicaApp.swift */,
				DCC597F527218EA9000DE0AE /* Assets.xcassets */,
				DCC597F727218EA9000DE0AE /* Preview Content */,
			);
			path = Cyrilica;
			sourceTree = "<group>";
		};
		DCC597F727218EA9000DE0AE /* Preview Content */ = {
			isa = PBXGroup;
			children = (
				DCC597F827218EA9000DE0AE /* Preview Assets.xcassets */,
			);
			path = "Preview Content";
			sourceTree = "<group>";
		};
		DCC5980127218EA9000DE0AE /* CyrilicaTests */ = {
			isa = PBXGroup;
			children = (
				DCC5980227218EA9000DE0AE /* CyrilicaTests.swift */,
			);
			path = CyrilicaTests;
			sourceTree = "<group>";
		};
		DCC5980B27218EA9000DE0AE /* CyrilicaUITests */ = {
			isa = PBXGroup;
			children = (
				DCC5980C27218EA9000DE0AE /* CyrilicaUITests.swift */,
				DCC5980E27218EA9000DE0AE /* CyrilicaUITestsLaunchTests.swift */,
			);
			path = CyrilicaUITests;
			sourceTree = "<group>";
		};
/* End PBXGroup section */

/* Begin PBXNativeTarget section */
		DCC597ED27218EA7000DE0AE /* Cyrilica */ = {
			isa = PBXNativeTarget;
			buildConfigurationList = DCC5981227218EA9000DE0AE /* Build configuration list for PBXNativeTarget "Cyrilica" */;
			buildPhases = (
				DCC597EA27218EA7000DE0AE /* Sources */,
				DCC597EB27218EA7000DE0AE /* Frameworks */,
				DCC597EC27218EA7000DE0AE /* Resources */,
				DC02258B273022E000651733 /* Embed App Extensions */,
			);
			buildRules = (
			);
			dependencies = (
			);
			name = Cyrilica;
			productName = Cyrilica;
			productReference = DCC597EE27218EA8000DE0AE /* Cyrilica.app */;
			productType = "com.apple.product-type.application";
		};
		DCC597FD27218EA9000DE0AE /* CyrilicaTests */ = {
			isa = PBXNativeTarget;
			buildConfigurationList = DCC5981527218EA9000DE0AE /* Build configuration list for PBXNativeTarget "CyrilicaTests" */;
			buildPhases = (
				DCC597FA27218EA9000DE0AE /* Sources */,
				DCC597FB27218EA9000DE0AE /* Frameworks */,
				DCC597FC27218EA9000DE0AE /* Resources */,
			);
			buildRules = (
			);
			dependencies = (
				DCC5980027218EA9000DE0AE /* PBXTargetDependency */,
			);
			name = CyrilicaTests;
			productName = CyrilicaTests;
			productReference = DCC597FE27218EA9000DE0AE /* CyrilicaTests.xctest */;
			productType = "com.apple.product-type.bundle.unit-test";
		};
		DCC5980727218EA9000DE0AE /* CyrilicaUITests */ = {
			isa = PBXNativeTarget;
			buildConfigurationList = DCC5981827218EA9000DE0AE /* Build configuration list for PBXNativeTarget "CyrilicaUITests" */;
			buildPhases = (
				DCC5980427218EA9000DE0AE /* Sources */,
				DCC5980527218EA9000DE0AE /* Frameworks */,
				DCC5980627218EA9000DE0AE /* Resources */,
			);
			buildRules = (
			);
			dependencies = (
				DCC5980A27218EA9000DE0AE /* PBXTargetDependency */,
			);
			name = CyrilicaUITests;
			productName = CyrilicaUITests;
			productReference = DCC5980827218EA9000DE0AE /* CyrilicaUITests.xctest */;
			productType = "com.apple.product-type.bundle.ui-testing";
		};
/* End PBXNativeTarget section */

/* Begin PBXProject section */
		DCC597E627218EA7000DE0AE /* Project object */ = {
			isa = PBXProject;
			attributes = {
				BuildIndependentTargetsInParallel = 1;
				KnownAssetTags = (
					New,
				);
				LastSwiftUpdateCheck = 1310;
				LastUpgradeCheck = 1300;
				TargetAttributes = {
					DCC597ED27218EA7000DE0AE = {
						CreatedOnToolsVersion = 13.0;
					};
					DCC597FD27218EA9000DE0AE = {
						CreatedOnToolsVersion = 13.0;
						TestTargetID = DCC597ED27218EA7000DE0AE;
					};
					DCC5980727218EA9000DE0AE = {
						CreatedOnToolsVersion = 13.0;
						TestTargetID = DCC597ED27218EA7000DE0AE;
					};
				};
			};
			buildConfigurationList = DCC597E927218EA7000DE0AE /* Build configuration list for PBXProject "Cyrilica" */;
			compatibilityVersion = "Xcode 13.0";
			developmentRegion = en;
			hasScannedForEncodings = 0;
			knownRegions = (
				en,
				Base,
			);
			mainGroup = DCC597E527218EA7000DE0AE;
			productRefGroup = DCC597EF27218EA8000DE0AE /* Products */;
			projectDirPath = "";
			projectRoot = "";
			targets = (
				DCC597ED27218EA7000DE0AE /* Cyrilica */,
				DCC597FD27218EA9000DE0AE /* CyrilicaTests */,
				DCC5980727218EA9000DE0AE /* CyrilicaUITests */,
			);
		};
/* End PBXProject section */

/* Begin PBXResourcesBuildPhase section */
		DCC597EC27218EA7000DE0AE /* Resources */ = {
			isa = PBXResourcesBuildPhase;
			buildActionMask = 2147483647;
			files = (
				DC02257B2730124300651733 /* LaunchScreen.storyboard in Resources */,
				DCC597F927218EA9000DE0AE /* Preview Assets.xcassets in Resources */,
				DCC597F627218EA9000DE0AE /* Assets.xcassets in Resources */,
			);
			runOnlyForDeploymentPostprocessing = 0;
		};
		DCC597FC27218EA9000DE0AE /* Resources */ = {
			isa = PBXResourcesBuildPhase;
			buildActionMask = 2147483647;
			files = (
			);
			runOnlyForDeploymentPostprocessing = 0;
		};
		DCC5980627218EA9000DE0AE /* Resources */ = {
			isa = PBXResourcesBuildPhase;
			buildActionMask = 2147483647;
			files = (
			);
			runOnlyForDeploymentPostprocessing = 0;
		};
/* End PBXResourcesBuildPhase section */

/* Begin PBXSourcesBuildPhase section */
		DCC597EA27218EA7000DE0AE /* Sources */ = {
			isa = PBXSourcesBuildPhase;
			buildActionMask = 2147483647;
			files = (
				DCA3C52D27315D1500D7BF39 /* PieChartRows.swift in Sources */,
				DCA3C53427315E8A00D7BF39 /* PieSliceData.swift in Sources */,
				DCA3C52727314A2800D7BF39 /* StatisticView.swift in Sources */,
				DCA3C53727317A2600D7BF39 /* ShuffleView.swift in Sources */,
				DCA3C53927317A7A00D7BF39 /* Settings.swift in Sources */,
				DCA3C52927315A4100D7BF39 /* SettingsView.swift in Sources */,
				DCA3C53127315DEC00D7BF39 /* PieSliceView.swift.swift in Sources */,
				DC02256F2730083100651733 /* PadView.swift in Sources */,
				DC02257727300A2A00651733 /* DisplayView.swift in Sources */,
				DCC597F427218EA8000DE0AE /* ContentView.swift in Sources */,
				DCA3C52F27315D7400D7BF39 /* PieChartView.swift in Sources */,
				DC0225752730099800651733 /* GameView.swift in Sources */,
				DC0225712730085800651733 /* GridStack.swift in Sources */,
				DCC597F227218EA8000DE0AE /* CyrilicaApp.swift in Sources */,
			);
			runOnlyForDeploymentPostprocessing = 0;
		};
		DCC597FA27218EA9000DE0AE /* Sources */ = {
			isa = PBXSourcesBuildPhase;
			buildActionMask = 2147483647;
			files = (
				DCC5980327218EA9000DE0AE /* CyrilicaTests.swift in Sources */,
			);
			runOnlyForDeploymentPostprocessing = 0;
		};
		DCC5980427218EA9000DE0AE /* Sources */ = {
			isa = PBXSourcesBuildPhase;
			buildActionMask = 2147483647;
			files = (
				DCC5980F27218EA9000DE0AE /* CyrilicaUITestsLaunchTests.swift in Sources */,
				DCC5980D27218EA9000DE0AE /* CyrilicaUITests.swift in Sources */,
			);
			runOnlyForDeploymentPostprocessing = 0;
		};
/* End PBXSourcesBuildPhase section */

/* Begin PBXTargetDependency section */
		DCC5980027218EA9000DE0AE /* PBXTargetDependency */ = {
			isa = PBXTargetDependency;
			target = DCC597ED27218EA7000DE0AE /* Cyrilica */;
			targetProxy = DCC597FF27218EA9000DE0AE /* PBXContainerItemProxy */;
		};
		DCC5980A27218EA9000DE0AE /* PBXTargetDependency */ = {
			isa = PBXTargetDependency;
			target = DCC597ED27218EA7000DE0AE /* Cyrilica */;
			targetProxy = DCC5980927218EA9000DE0AE /* PBXContainerItemProxy */;
		};
/* End PBXTargetDependency section */

/* Begin XCBuildConfiguration section */
		DCC5981027218EA9000DE0AE /* Debug */ = {
			isa = XCBuildConfiguration;
			buildSettings = {
				ALWAYS_SEARCH_USER_PATHS = NO;
				CLANG_ANALYZER_NONNULL = YES;
				CLANG_ANALYZER_NUMBER_OBJECT_CONVERSION = YES_AGGRESSIVE;
				CLANG_CXX_LANGUAGE_STANDARD = "gnu++17";
				CLANG_CXX_LIBRARY = "libc++";
				CLANG_ENABLE_MODULES = YES;
				CLANG_ENABLE_OBJC_ARC = YES;
				CLANG_ENABLE_OBJC_WEAK = YES;
				CLANG_WARN_BLOCK_CAPTURE_AUTORELEASING = YES;
				CLANG_WARN_BOOL_CONVERSION = YES;
				CLANG_WARN_COMMA = YES;
				CLANG_WARN_CONSTANT_CONVERSION = YES;
				CLANG_WARN_DEPRECATED_OBJC_IMPLEMENTATIONS = YES;
				CLANG_WARN_DIRECT_OBJC_ISA_USAGE = YES_ERROR;
				CLANG_WARN_DOCUMENTATION_COMMENTS = YES;
				CLANG_WARN_EMPTY_BODY = YES;
				CLANG_WARN_ENUM_CONVERSION = YES;
				CLANG_WARN_INFINITE_RECURSION = YES;
				CLANG_WARN_INT_CONVERSION = YES;
				CLANG_WARN_NON_LITERAL_NULL_CONVERSION = YES;
				CLANG_WARN_OBJC_IMPLICIT_RETAIN_SELF = YES;
				CLANG_WARN_OBJC_LITERAL_CONVERSION = YES;
				CLANG_WARN_OBJC_ROOT_CLASS = YES_ERROR;
				CLANG_WARN_QUOTED_INCLUDE_IN_FRAMEWORK_HEADER = YES;
				CLANG_WARN_RANGE_LOOP_ANALYSIS = YES;
				CLANG_WARN_STRICT_PROTOTYPES = YES;
				CLANG_WARN_SUSPICIOUS_MOVE = YES;
				CLANG_WARN_UNGUARDED_AVAILABILITY = YES_AGGRESSIVE;
				CLANG_WARN_UNREACHABLE_CODE = YES;
				CLANG_WARN__DUPLICATE_METHOD_MATCH = YES;
				COPY_PHASE_STRIP = NO;
				DEBUG_INFORMATION_FORMAT = dwarf;
				ENABLE_STRICT_OBJC_MSGSEND = YES;
				ENABLE_TESTABILITY = YES;
				GCC_C_LANGUAGE_STANDARD = gnu11;
				GCC_DYNAMIC_NO_PIC = NO;
				GCC_NO_COMMON_BLOCKS = YES;
				GCC_OPTIMIZATION_LEVEL = 0;
				GCC_PREPROCESSOR_DEFINITIONS = (
					"DEBUG=1",
					"$(inherited)",
				);
				GCC_WARN_64_TO_32_BIT_CONVERSION = YES;
				GCC_WARN_ABOUT_RETURN_TYPE = YES_ERROR;
				GCC_WARN_UNDECLARED_SELECTOR = YES;
				GCC_WARN_UNINITIALIZED_AUTOS = YES_AGGRESSIVE;
				GCC_WARN_UNUSED_FUNCTION = YES;
				GCC_WARN_UNUSED_VARIABLE = YES;
				IPHONEOS_DEPLOYMENT_TARGET = 15.0;
				MTL_ENABLE_DEBUG_INFO = INCLUDE_SOURCE;
				MTL_FAST_MATH = YES;
				ONLY_ACTIVE_ARCH = YES;
				SDKROOT = iphoneos;
				SWIFT_ACTIVE_COMPILATION_CONDITIONS = DEBUG;
				SWIFT_OPTIMIZATION_LEVEL = "-Onone";
			};
			name = Debug;
		};
		DCC5981127218EA9000DE0AE /* Release */ = {
			isa = XCBuildConfiguration;
			buildSettings = {
				ALWAYS_SEARCH_USER_PATHS = NO;
				CLANG_ANALYZER_NONNULL = YES;
				CLANG_ANALYZER_NUMBER_OBJECT_CONVERSION = YES_AGGRESSIVE;
				CLANG_CXX_LANGUAGE_STANDARD = "gnu++17";
				CLANG_CXX_LIBRARY = "libc++";
				CLANG_ENABLE_MODULES = YES;
				CLANG_ENABLE_OBJC_ARC = YES;
				CLANG_ENABLE_OBJC_WEAK = YES;
				CLANG_WARN_BLOCK_CAPTURE_AUTORELEASING = YES;
				CLANG_WARN_BOOL_CONVERSION = YES;
				CLANG_WARN_COMMA = YES;
				CLANG_WARN_CONSTANT_CONVERSION = YES;
				CLANG_WARN_DEPRECATED_OBJC_IMPLEMENTATIONS = YES;
				CLANG_WARN_DIRECT_OBJC_ISA_USAGE = YES_ERROR;
				CLANG_WARN_DOCUMENTATION_COMMENTS = YES;
				CLANG_WARN_EMPTY_BODY = YES;
				CLANG_WARN_ENUM_CONVERSION = YES;
				CLANG_WARN_INFINITE_RECURSION = YES;
				CLANG_WARN_INT_CONVERSION = YES;
				CLANG_WARN_NON_LITERAL_NULL_CONVERSION = YES;
				CLANG_WARN_OBJC_IMPLICIT_RETAIN_SELF = YES;
				CLANG_WARN_OBJC_LITERAL_CONVERSION = YES;
				CLANG_WARN_OBJC_ROOT_CLASS = YES_ERROR;
				CLANG_WARN_QUOTED_INCLUDE_IN_FRAMEWORK_HEADER = YES;
				CLANG_WARN_RANGE_LOOP_ANALYSIS = YES;
				CLANG_WARN_STRICT_PROTOTYPES = YES;
				CLANG_WARN_SUSPICIOUS_MOVE = YES;
				CLANG_WARN_UNGUARDED_AVAILABILITY = YES_AGGRESSIVE;
				CLANG_WARN_UNREACHABLE_CODE = YES;
				CLANG_WARN__DUPLICATE_METHOD_MATCH = YES;
				COPY_PHASE_STRIP = NO;
				DEBUG_INFORMATION_FORMAT = "dwarf-with-dsym";
				ENABLE_NS_ASSERTIONS = NO;
				ENABLE_STRICT_OBJC_MSGSEND = YES;
				GCC_C_LANGUAGE_STANDARD = gnu11;
				GCC_NO_COMMON_BLOCKS = YES;
				GCC_WARN_64_TO_32_BIT_CONVERSION = YES;
				GCC_WARN_ABOUT_RETURN_TYPE = YES_ERROR;
				GCC_WARN_UNDECLARED_SELECTOR = YES;
				GCC_WARN_UNINITIALIZED_AUTOS = YES_AGGRESSIVE;
				GCC_WARN_UNUSED_FUNCTION = YES;
				GCC_WARN_UNUSED_VARIABLE = YES;
				IPHONEOS_DEPLOYMENT_TARGET = 15.0;
				MTL_ENABLE_DEBUG_INFO = NO;
				MTL_FAST_MATH = YES;
				SDKROOT = iphoneos;
				SWIFT_COMPILATION_MODE = wholemodule;
				SWIFT_OPTIMIZATION_LEVEL = "-O";
				VALIDATE_PRODUCT = YES;
			};
			name = Release;
		};
		DCC5981327218EA9000DE0AE /* Debug */ = {
			isa = XCBuildConfiguration;
			buildSettings = {
				ASSETCATALOG_COMPILER_APPICON_NAME = AppIcon;
				ASSETCATALOG_COMPILER_GLOBAL_ACCENT_COLOR_NAME = AccentColor;
				ASSETCATALOG_COMPILER_INCLUDE_ALL_APPICON_ASSETS = NO;
				CODE_SIGN_STYLE = Automatic;
				CURRENT_PROJECT_VERSION = 1;
				DEVELOPMENT_ASSET_PATHS = "\"Cyrilica/Preview Content\"";
				DEVELOPMENT_TEAM = E2TG25JHBD;
				ENABLE_PREVIEWS = YES;
				GENERATE_INFOPLIST_FILE = YES;
				INFOPLIST_FILE = Cyrilica/Info.plist;
				INFOPLIST_KEY_LSApplicationCategoryType = "public.app-category.education";
				INFOPLIST_KEY_UIApplicationSceneManifest_Generation = YES;
				INFOPLIST_KEY_UIApplicationSupportsIndirectInputEvents = YES;
				INFOPLIST_KEY_UILaunchScreen_Generation = YES;
				INFOPLIST_KEY_UILaunchStoryboardName = LaunchScreen;
				INFOPLIST_KEY_UISupportedInterfaceOrientations = UIInterfaceOrientationPortrait;
				INFOPLIST_KEY_UISupportedInterfaceOrientations_iPad = "UIInterfaceOrientationPortrait UIInterfaceOrientationPortraitUpsideDown UIInterfaceOrientationLandscapeLeft UIInterfaceOrientationLandscapeRight";
				INFOPLIST_KEY_UISupportedInterfaceOrientations_iPhone = "UIInterfaceOrientationPortrait UIInterfaceOrientationLandscapeLeft UIInterfaceOrientationLandscapeRight";
				IPHONEOS_DEPLOYMENT_TARGET = 15.0;
				LD_RUNPATH_SEARCH_PATHS = (
					"$(inherited)",
					"@executable_path/Frameworks",
				);
				MARKETING_VERSION = 1.0;
				PRODUCT_BUNDLE_IDENTIFIER = ch.fadendaten.Cyrilica;
				PRODUCT_NAME = "$(TARGET_NAME)";
				SWIFT_EMIT_LOC_STRINGS = YES;
				SWIFT_VERSION = 5.0;
				TARGETED_DEVICE_FAMILY = 1;
			};
			name = Debug;
		};
		DCC5981427218EA9000DE0AE /* Release */ = {
			isa = XCBuildConfiguration;
			buildSettings = {
				ASSETCATALOG_COMPILER_APPICON_NAME = AppIcon;
				ASSETCATALOG_COMPILER_GLOBAL_ACCENT_COLOR_NAME = AccentColor;
				ASSETCATALOG_COMPILER_INCLUDE_ALL_APPICON_ASSETS = NO;
				CODE_SIGN_STYLE = Automatic;
				CURRENT_PROJECT_VERSION = 1;
				DEVELOPMENT_ASSET_PATHS = "\"Cyrilica/Preview Content\"";
				DEVELOPMENT_TEAM = E2TG25JHBD;
				ENABLE_PREVIEWS = YES;
				GENERATE_INFOPLIST_FILE = YES;
				INFOPLIST_FILE = Cyrilica/Info.plist;
				"INFOPLIST_FILE[sdk=*]" = "";
				INFOPLIST_KEY_LSApplicationCategoryType = "public.app-category.education";
				INFOPLIST_KEY_UIApplicationSceneManifest_Generation = YES;
				INFOPLIST_KEY_UIApplicationSupportsIndirectInputEvents = YES;
				INFOPLIST_KEY_UILaunchScreen_Generation = YES;
				INFOPLIST_KEY_UILaunchStoryboardName = LaunchScreen;
				INFOPLIST_KEY_UISupportedInterfaceOrientations = UIInterfaceOrientationPortrait;
				INFOPLIST_KEY_UISupportedInterfaceOrientations_iPad = "UIInterfaceOrientationPortrait UIInterfaceOrientationPortraitUpsideDown UIInterfaceOrientationLandscapeLeft UIInterfaceOrientationLandscapeRight";
				INFOPLIST_KEY_UISupportedInterfaceOrientations_iPhone = "UIInterfaceOrientationPortrait UIInterfaceOrientationLandscapeLeft UIInterfaceOrientationLandscapeRight";
				IPHONEOS_DEPLOYMENT_TARGET = 15.0;
				LD_RUNPATH_SEARCH_PATHS = (
					"$(inherited)",
					"@executable_path/Frameworks",
				);
				MARKETING_VERSION = 1.0;
				PRODUCT_BUNDLE_IDENTIFIER = ch.fadendaten.Cyrilica;
				PRODUCT_NAME = "$(TARGET_NAME)";
				SWIFT_EMIT_LOC_STRINGS = YES;
				SWIFT_VERSION = 5.0;
				TARGETED_DEVICE_FAMILY = 1;
			};
			name = Release;
		};
		DCC5981627218EA9000DE0AE /* Debug */ = {
			isa = XCBuildConfiguration;
			buildSettings = {
				ALWAYS_EMBED_SWIFT_STANDARD_LIBRARIES = YES;
				BUNDLE_LOADER = "$(TEST_HOST)";
				"CODE_SIGN_IDENTITY[sdk=macosx*]" = "Apple Development";
				CODE_SIGN_STYLE = Automatic;
				CURRENT_PROJECT_VERSION = 1;
				DEVELOPMENT_TEAM = E2TG25JHBD;
				GENERATE_INFOPLIST_FILE = YES;
				IPHONEOS_DEPLOYMENT_TARGET = 15.0;
				LD_RUNPATH_SEARCH_PATHS = (
					"$(inherited)",
					"@executable_path/Frameworks",
					"@loader_path/Frameworks",
				);
				MARKETING_VERSION = 1.0;
				PRODUCT_BUNDLE_IDENTIFIER = ch.fadendaten.CyrilicaTests;
				PRODUCT_NAME = "$(TARGET_NAME)";
				SWIFT_EMIT_LOC_STRINGS = NO;
				SWIFT_VERSION = 5.0;
				TARGETED_DEVICE_FAMILY = "1,2";
				TEST_HOST = "$(BUILT_PRODUCTS_DIR)/Cyrilica.app/Cyrilica";
			};
			name = Debug;
		};
		DCC5981727218EA9000DE0AE /* Release */ = {
			isa = XCBuildConfiguration;
			buildSettings = {
				ALWAYS_EMBED_SWIFT_STANDARD_LIBRARIES = YES;
				BUNDLE_LOADER = "$(TEST_HOST)";
				"CODE_SIGN_IDENTITY[sdk=macosx*]" = "Apple Development";
				CODE_SIGN_STYLE = Automatic;
				CURRENT_PROJECT_VERSION = 1;
				DEVELOPMENT_TEAM = E2TG25JHBD;
				GENERATE_INFOPLIST_FILE = YES;
				IPHONEOS_DEPLOYMENT_TARGET = 15.0;
				LD_RUNPATH_SEARCH_PATHS = (
					"$(inherited)",
					"@executable_path/Frameworks",
					"@loader_path/Frameworks",
				);
				MARKETING_VERSION = 1.0;
				PRODUCT_BUNDLE_IDENTIFIER = ch.fadendaten.CyrilicaTests;
				PRODUCT_NAME = "$(TARGET_NAME)";
				SWIFT_EMIT_LOC_STRINGS = NO;
				SWIFT_VERSION = 5.0;
				TARGETED_DEVICE_FAMILY = "1,2";
				TEST_HOST = "$(BUILT_PRODUCTS_DIR)/Cyrilica.app/Cyrilica";
			};
			name = Release;
		};
		DCC5981927218EA9000DE0AE /* Debug */ = {
			isa = XCBuildConfiguration;
			buildSettings = {
				ALWAYS_EMBED_SWIFT_STANDARD_LIBRARIES = YES;
				CODE_SIGN_STYLE = Automatic;
				CURRENT_PROJECT_VERSION = 1;
				DEVELOPMENT_TEAM = E2TG25JHBD;
				GENERATE_INFOPLIST_FILE = YES;
				LD_RUNPATH_SEARCH_PATHS = (
					"$(inherited)",
					"@executable_path/Frameworks",
					"@loader_path/Frameworks",
				);
				MARKETING_VERSION = 1.0;
				PRODUCT_BUNDLE_IDENTIFIER = ch.fadendaten.CyrilicaUITests;
				PRODUCT_NAME = "$(TARGET_NAME)";
				SWIFT_EMIT_LOC_STRINGS = NO;
				SWIFT_VERSION = 5.0;
				TARGETED_DEVICE_FAMILY = "1,2";
				TEST_TARGET_NAME = Cyrilica;
			};
			name = Debug;
		};
		DCC5981A27218EA9000DE0AE /* Release */ = {
			isa = XCBuildConfiguration;
			buildSettings = {
				ALWAYS_EMBED_SWIFT_STANDARD_LIBRARIES = YES;
				CODE_SIGN_STYLE = Automatic;
				CURRENT_PROJECT_VERSION = 1;
				DEVELOPMENT_TEAM = E2TG25JHBD;
				GENERATE_INFOPLIST_FILE = YES;
				LD_RUNPATH_SEARCH_PATHS = (
					"$(inherited)",
					"@executable_path/Frameworks",
					"@loader_path/Frameworks",
				);
				MARKETING_VERSION = 1.0;
				PRODUCT_BUNDLE_IDENTIFIER = ch.fadendaten.CyrilicaUITests;
				PRODUCT_NAME = "$(TARGET_NAME)";
				SWIFT_EMIT_LOC_STRINGS = NO;
				SWIFT_VERSION = 5.0;
				TARGETED_DEVICE_FAMILY = "1,2";
				TEST_TARGET_NAME = Cyrilica;
			};
			name = Release;
		};
/* End XCBuildConfiguration section */

/* Begin XCConfigurationList section */
		DCC597E927218EA7000DE0AE /* Build configuration list for PBXProject "Cyrilica" */ = {
			isa = XCConfigurationList;
			buildConfigurations = (
				DCC5981027218EA9000DE0AE /* Debug */,
				DCC5981127218EA9000DE0AE /* Release */,
			);
			defaultConfigurationIsVisible = 0;
			defaultConfigurationName = Release;
		};
		DCC5981227218EA9000DE0AE /* Build configuration list for PBXNativeTarget "Cyrilica" */ = {
			isa = XCConfigurationList;
			buildConfigurations = (
				DCC5981327218EA9000DE0AE /* Debug */,
				DCC5981427218EA9000DE0AE /* Release */,
			);
			defaultConfigurationIsVisible = 0;
			defaultConfigurationName = Release;
		};
		DCC5981527218EA9000DE0AE /* Build configuration list for PBXNativeTarget "CyrilicaTests" */ = {
			isa = XCConfigurationList;
			buildConfigurations = (
				DCC5981627218EA9000DE0AE /* Debug */,
				DCC5981727218EA9000DE0AE /* Release */,
			);
			defaultConfigurationIsVisible = 0;
			defaultConfigurationName = Release;
		};
		DCC5981827218EA9000DE0AE /* Build configuration list for PBXNativeTarget "CyrilicaUITests" */ = {
			isa = XCConfigurationList;
			buildConfigurations = (
				DCC5981927218EA9000DE0AE /* Debug */,
				DCC5981A27218EA9000DE0AE /* Release */,
			);
			defaultConfigurationIsVisible = 0;
			defaultConfigurationName = Release;
		};
/* End XCConfigurationList section */
	};
	rootObject = DCC597E627218EA7000DE0AE /* Project object */;
}
